
Microsoft Visual Studio Solution File, Format Version 12.00
# Visual Studio Version 17
VisualStudioVersion = 17.3.32819.101
MinimumVisualStudioVersion = 10.0.40219.1
Project("{FAE04EC0-301F-11D3-BF4B-00C04F79EFBC}") = "Two Sum II(with 2 pointer)", "Two Sum II(with 2 pointer)\Two Sum II(with 2 pointer).csproj", "{6FEBAF1F-FB10-4997-B1AE-77659F2EA486}"
EndProject
Global
	GlobalSection(SolutionConfigurationPlatforms) = preSolution
		Debug|Any CPU = Debug|Any CPU
		Release|Any CPU = Release|Any CPU
	EndGlobalSection
	GlobalSection(ProjectConfigurationPlatforms) = postSolution
		{6FEBAF1F-FB10-4997-B1AE-77659F2EA486}.Debug|Any CPU.ActiveCfg = Debug|Any CPU
		{6FEBAF1F-FB10-4997-B1AE-77659F2EA486}.Debug|Any CPU.Build.0 = Debug|Any CPU
		{6FEBAF1F-FB10-4997-B1AE-77659F2EA486}.Release|Any CPU.ActiveCfg = Release|Any CPU
		{6FEBAF1F-FB10-4997-B1AE-77659F2EA486}.Release|Any CPU.Build.0 = Release|Any CPU
	EndGlobalSection
	GlobalSection(SolutionProperties) = preSolution
		HideSolutionNode = FALSE
	EndGlobalSection
	GlobalSection(ExtensibilityGlobals) = postSolution
		SolutionGuid = {CEAE2014-796D-4BAB-8C9D-2175032AB621}
	EndGlobalSection
EndGlobal
